
Microsoft Visual Studio Solution File, Format Version 12.00
# Visual Studio 15
Project("{FAE04EC0-301F-11D3-BF4B-00C04F79EFBC}") = "MovieXamarin.Android", "MovieXamarin.Android\MovieXamarin.Android.csproj", "{4B82A216-313B-4443-9FB9-E5170E3B9B9E}"
EndProject
Project("{FAE04EC0-301F-11D3-BF4B-00C04F79EFBC}") = "MovieXamarin.iOS", "MovieXamarin.iOS\MovieXamarin.iOS.csproj", "{9C79563A-3D2F-4B08-8FCD-C3C2AA9C9D14}"
EndProject
Project("{FAE04EC0-301F-11D3-BF4B-00C04F79EFBC}") = "MovieXamarin.UITests", "MovieXamarin.UITests\MovieXamarin.UITests.csproj", "{F9480E58-20DE-4EB3-AE10-8F6D4960B158}"
EndProject
Project("{FAE04EC0-301F-11D3-BF4B-00C04F79EFBC}") = "MovieXamarin", "MovieXamarin\MovieXamarin.csproj", "{A22495DF-BFC2-4CA4-8C56-693A27B299BF}"
EndProject
Global
	GlobalSection(SolutionConfigurationPlatforms) = preSolution
		Debug|Any CPU = Debug|Any CPU
		Release|Any CPU = Release|Any CPU
		Debug|iPhoneSimulator = Debug|iPhoneSimulator
		Release|iPhoneSimulator = Release|iPhoneSimulator
		Debug|iPhone = Debug|iPhone
		Release|iPhone = Release|iPhone
	EndGlobalSection
	GlobalSection(ProjectConfigurationPlatforms) = postSolution
		{4B82A216-313B-4443-9FB9-E5170E3B9B9E}.Debug|Any CPU.ActiveCfg = Debug|Any CPU
		{4B82A216-313B-4443-9FB9-E5170E3B9B9E}.Debug|Any CPU.Build.0 = Debug|Any CPU
		{4B82A216-313B-4443-9FB9-E5170E3B9B9E}.Release|Any CPU.ActiveCfg = Release|Any CPU
		{4B82A216-313B-4443-9FB9-E5170E3B9B9E}.Release|Any CPU.Build.0 = Release|Any CPU
		{4B82A216-313B-4443-9FB9-E5170E3B9B9E}.Debug|iPhoneSimulator.ActiveCfg = Debug|Any CPU
		{4B82A216-313B-4443-9FB9-E5170E3B9B9E}.Debug|iPhoneSimulator.Build.0 = Debug|Any CPU
		{4B82A216-313B-4443-9FB9-E5170E3B9B9E}.Release|iPhoneSimulator.ActiveCfg = Release|Any CPU
		{4B82A216-313B-4443-9FB9-E5170E3B9B9E}.Release|iPhoneSimulator.Build.0 = Release|Any CPU
		{4B82A216-313B-4443-9FB9-E5170E3B9B9E}.Debug|iPhone.ActiveCfg = Debug|Any CPU
		{4B82A216-313B-4443-9FB9-E5170E3B9B9E}.Debug|iPhone.Build.0 = Debug|Any CPU
		{4B82A216-313B-4443-9FB9-E5170E3B9B9E}.Release|iPhone.ActiveCfg = Release|Any CPU
		{4B82A216-313B-4443-9FB9-E5170E3B9B9E}.Release|iPhone.Build.0 = Release|Any CPU
		{9C79563A-3D2F-4B08-8FCD-C3C2AA9C9D14}.Debug|Any CPU.ActiveCfg = Debug|iPhoneSimulator
		{9C79563A-3D2F-4B08-8FCD-C3C2AA9C9D14}.Debug|Any CPU.Build.0 = Debug|iPhoneSimulator
		{9C79563A-3D2F-4B08-8FCD-C3C2AA9C9D14}.Release|Any CPU.ActiveCfg = Release|iPhoneSimulator
		{9C79563A-3D2F-4B08-8FCD-C3C2AA9C9D14}.Release|Any CPU.Build.0 = Release|iPhoneSimulator
		{9C79563A-3D2F-4B08-8FCD-C3C2AA9C9D14}.Debug|iPhoneSimulator.ActiveCfg = Debug|iPhoneSimulator
		{9C79563A-3D2F-4B08-8FCD-C3C2AA9C9D14}.Debug|iPhoneSimulator.Build.0 = Debug|iPhoneSimulator
		{9C79563A-3D2F-4B08-8FCD-C3C2AA9C9D14}.Release|iPhoneSimulator.ActiveCfg = Release|iPhoneSimulator
		{9C79563A-3D2F-4B08-8FCD-C3C2AA9C9D14}.Release|iPhoneSimulator.Build.0 = Release|iPhoneSimulator
		{9C79563A-3D2F-4B08-8FCD-C3C2AA9C9D14}.Debug|iPhone.ActiveCfg = Debug|iPhone
		{9C79563A-3D2F-4B08-8FCD-C3C2AA9C9D14}.Debug|iPhone.Build.0 = Debug|iPhone
		{9C79563A-3D2F-4B08-8FCD-C3C2AA9C9D14}.Release|iPhone.ActiveCfg = Release|iPhone
		{9C79563A-3D2F-4B08-8FCD-C3C2AA9C9D14}.Release|iPhone.Build.0 = Release|iPhone
		{F9480E58-20DE-4EB3-AE10-8F6D4960B158}.Debug|Any CPU.ActiveCfg = Debug|Any CPU
		{F9480E58-20DE-4EB3-AE10-8F6D4960B158}.Debug|Any CPU.Build.0 = Debug|Any CPU
		{F9480E58-20DE-4EB3-AE10-8F6D4960B158}.Release|Any CPU.ActiveCfg = Release|Any CPU
		{F9480E58-20DE-4EB3-AE10-8F6D4960B158}.Release|Any CPU.Build.0 = Release|Any CPU
		{F9480E58-20DE-4EB3-AE10-8F6D4960B158}.Debug|iPhoneSimulator.ActiveCfg = Debug|Any CPU
		{F9480E58-20DE-4EB3-AE10-8F6D4960B158}.Debug|iPhoneSimulator.Build.0 = Debug|Any CPU
		{F9480E58-20DE-4EB3-AE10-8F6D4960B158}.Release|iPhoneSimulator.ActiveCfg = Release|Any CPU
		{F9480E58-20DE-4EB3-AE10-8F6D4960B158}.Release|iPhoneSimulator.Build.0 = Release|Any CPU
		{F9480E58-20DE-4EB3-AE10-8F6D4960B158}.Debug|iPhone.ActiveCfg = Debug|Any CPU
		{F9480E58-20DE-4EB3-AE10-8F6D4960B158}.Debug|iPhone.Build.0 = Debug|Any CPU
		{F9480E58-20DE-4EB3-AE10-8F6D4960B158}.Release|iPhone.ActiveCfg = Release|Any CPU
		{F9480E58-20DE-4EB3-AE10-8F6D4960B158}.Release|iPhone.Build.0 = Release|Any CPU
		{A22495DF-BFC2-4CA4-8C56-693A27B299BF}.Debug|Any CPU.ActiveCfg = Debug|Any CPU
		{A22495DF-BFC2-4CA4-8C56-693A27B299BF}.Debug|Any CPU.Build.0 = Debug|Any CPU
		{A22495DF-BFC2-4CA4-8C56-693A27B299BF}.Release|Any CPU.ActiveCfg = Release|Any CPU
		{A22495DF-BFC2-4CA4-8C56-693A27B299BF}.Release|Any CPU.Build.0 = Release|Any CPU
		{A22495DF-BFC2-4CA4-8C56-693A27B299BF}.Debug|iPhoneSimulator.ActiveCfg = Debug|Any CPU
		{A22495DF-BFC2-4CA4-8C56-693A27B299BF}.Debug|iPhoneSimulator.Build.0 = Debug|Any CPU
		{A22495DF-BFC2-4CA4-8C56-693A27B299BF}.Release|iPhoneSimulator.ActiveCfg = Release|Any CPU
		{A22495DF-BFC2-4CA4-8C56-693A27B299BF}.Release|iPhoneSimulator.Build.0 = Release|Any CPU
		{A22495DF-BFC2-4CA4-8C56-693A27B299BF}.Debug|iPhone.ActiveCfg = Debug|Any CPU
		{A22495DF-BFC2-4CA4-8C56-693A27B299BF}.Debug|iPhone.Build.0 = Debug|Any CPU
		{A22495DF-BFC2-4CA4-8C56-693A27B299BF}.Release|iPhone.ActiveCfg = Release|Any CPU
		{A22495DF-BFC2-4CA4-8C56-693A27B299BF}.Release|iPhone.Build.0 = Release|Any CPU
	EndGlobalSection
EndGlobal
